
Microsoft Visual Studio Solution File, Format Version 12.00
# Visual Studio 15
VisualStudioVersion = 15.0.26228.9
MinimumVisualStudioVersion = 10.0.40219.1
Project("{FAE04EC0-301F-11D3-BF4B-00C04F79EFBC}") = "DiceStatsLib", "DiceStatsLib\DiceStatsLib.csproj", "{3A99172D-3DB1-4609-BFD6-E454E7AED6AA}"
EndProject
Project("{FAE04EC0-301F-11D3-BF4B-00C04F79EFBC}") = "DiceTester", "ConsoleApp1\DiceTester.csproj", "{A6E44587-79C4-4534-8898-13CAEFAEE163}"
EndProject
Global
	GlobalSection(SolutionConfigurationPlatforms) = preSolution
		Debug|Any CPU = Debug|Any CPU
		Release|Any CPU = Release|Any CPU
	EndGlobalSection
	GlobalSection(ProjectConfigurationPlatforms) = postSolution
		{3A99172D-3DB1-4609-BFD6-E454E7AED6AA}.Debug|Any CPU.ActiveCfg = Debug|Any CPU
		{3A99172D-3DB1-4609-BFD6-E454E7AED6AA}.Debug|Any CPU.Build.0 = Debug|Any CPU
		{3A99172D-3DB1-4609-BFD6-E454E7AED6AA}.Release|Any CPU.ActiveCfg = Release|Any CPU
		{3A99172D-3DB1-4609-BFD6-E454E7AED6AA}.Release|Any CPU.Build.0 = Release|Any CPU
		{A6E44587-79C4-4534-8898-13CAEFAEE163}.Debug|Any CPU.ActiveCfg = Debug|Any CPU
		{A6E44587-79C4-4534-8898-13CAEFAEE163}.Debug|Any CPU.Build.0 = Debug|Any CPU
		{A6E44587-79C4-4534-8898-13CAEFAEE163}.Release|Any CPU.ActiveCfg = Release|Any CPU
		{A6E44587-79C4-4534-8898-13CAEFAEE163}.Release|Any CPU.Build.0 = Release|Any CPU
	EndGlobalSection
	GlobalSection(SolutionProperties) = preSolution
		HideSolutionNode = FALSE
	EndGlobalSection
EndGlobal
